PODS:
  - Tor/Core (408.12.2)
  - Tor/CTor (408.12.2):
    - Tor/Core
  - Tor/GeoIP (408.12.2):
    - Tor/CTor

DEPENDENCIES:
  - Tor/GeoIP (from `../`)

EXTERNAL SOURCES:
  Tor:
    :path: "../"

SPEC CHECKSUMS:
  Tor: 19907fc430953434a233c7532166d6409b9d509b

PODFILE CHECKSUM: aaf1dd3b609adb9f024c41d7b7c0ea5a012fd799

COCOAPODS: 1.15.2
