PODS:
  - Tor/Core (408.12.1)
  - Tor/CTor (408.12.1):
    - Tor/Core
  - Tor/GeoIP (408.12.1):
    - Tor/CTor

DEPENDENCIES:
  - Tor/GeoIP (from `../`)

EXTERNAL SOURCES:
  Tor:
    :path: "../"

SPEC CHECKSUMS:
  Tor: 958cbe68eef90659339403e40e20d7610a9456dd

PODFILE CHECKSUM: aaf1dd3b609adb9f024c41d7b7c0ea5a012fd799

COCOAPODS: 1.15.2
